// !$*UTF8*$!
{
	archiveVersion = 1;
	classes = {
	};
	objectVersion = 77;
	objects = {

/* Begin PBXContainerItemProxy section */
		B67C868C2D3ECC01007C1E50 /* PBXContainerItemProxy */ = {
			isa = PBXContainerItemProxy;
			containerPortal = B67C866D2D3ECC00007C1E50 /* Project object */;
			proxyType = 1;
			remoteGlobalIDString = B67C86742D3ECC00007C1E50;
			remoteInfo = WarningMessages;
		};
		B67C86962D3ECC01007C1E50 /* PBXContainerItemProxy */ = {
			isa = PBXContainerItemProxy;
			containerPortal = B67C866D2D3ECC00007C1E50 /* Project object */;
			proxyType = 1;
			remoteGlobalIDString = B67C86742D3ECC00007C1E50;
			remoteInfo = WarningMessages;
		};
/* End PBXContainerItemProxy section */

/* Begin PBXFileReference section */
		B67C86752D3ECC00007C1E50 /* WarningMessages.app */ = {isa = PBXFileReference; explicitFileType = wrapper.application; includeInIndex = 0; path = WarningMessages.app; sourceTree = BUILT_PRODUCTS_DIR; };
		B67C868B2D3ECC01007C1E50 /* WarningMessagesTests.xctest */ = {isa = PBXFileReference; explicitFileType = wrapper.cfbundle; includeInIndex = 0; path = WarningMessagesTests.xctest; sourceTree = BUILT_PRODUCTS_DIR; };
		B67C86952D3ECC01007C1E50 /* WarningMessagesUITests.xctest */ = {isa = PBXFileReference; explicitFileType = wrapper.cfbundle; includeInIndex = 0; path = WarningMessagesUITests.xctest; sourceTree = BUILT_PRODUCTS_DIR; };
/* End PBXFileReference section */

/* Begin PBXFileSystemSynchronizedBuildFileExceptionSet section */
		B67C869D2D3ECC01007C1E50 /* Exceptions for "WarningMessages" folder in "WarningMessages" target */ = {
			isa = PBXFileSystemSynchronizedBuildFileExceptionSet;
			membershipExceptions = (
				Info.plist,
			);
			target = B67C86742D3ECC00007C1E50 /* WarningMessages */;
		};
/* End PBXFileSystemSynchronizedBuildFileExceptionSet section */

/* Begin PBXFileSystemSynchronizedRootGroup section */
		B67C86772D3ECC00007C1E50 /* WarningMessages */ = {
			isa = PBXFileSystemSynchronizedRootGroup;
			exceptions = (
				B67C869D2D3ECC01007C1E50 /* Exceptions for "WarningMessages" folder in "WarningMessages" target */,
			);
			path = WarningMessages;
			sourceTree = "<group>";
		};
		B67C868E2D3ECC01007C1E50 /* WarningMessagesTests */ = {
			isa = PBXFileSystemSynchronizedRootGroup;
			path = WarningMessagesTests;
			sourceTree = "<group>";
		};
		B67C86982D3ECC01007C1E50 /* WarningMessagesUITests */ = {
			isa = PBXFileSystemSynchronizedRootGroup;
			path = WarningMessagesUITests;
			sourceTree = "<group>";
		};
/* End PBXFileSystemSynchronizedRootGroup section */

/* Begin PBXFrameworksBuildPhase section */
		B67C86722D3ECC00007C1E50 /* Frameworks */ = {
			isa = PBXFrameworksBuildPhase;
			buildActionMask = 2147483647;
			files = (
			);
			runOnlyForDeploymentPostprocessing = 0;
		};
		B67C86882D3ECC01007C1E50 /* Frameworks */ = {
			isa = PBXFrameworksBuildPhase;
			buildActionMask = 2147483647;
			files = (
			);
			runOnlyForDeploymentPostprocessing = 0;
		};
		B67C86922D3ECC01007C1E50 /* Frameworks */ = {
			isa = PBXFrameworksBuildPhase;
			buildActionMask = 2147483647;
			files = (
			);
			runOnlyForDeploymentPostprocessing = 0;
		};
/* End PBXFrameworksBuildPhase section */

/* Begin PBXGroup section */
		B67C866C2D3ECC00007C1E50 = {
			isa = PBXGroup;
			children = (
				B67C86772D3ECC00007C1E50 /* WarningMessages */,
				B67C868E2D3ECC01007C1E50 /* WarningMessagesTests */,
				B67C86982D3ECC01007C1E50 /* WarningMessagesUITests */,
				B67C86762D3ECC00007C1E50 /* Products */,
			);
			sourceTree = "<group>";
		};
		B67C86762D3ECC00007C1E50 /* Products */ = {
			isa = PBXGroup;
			children = (
				B67C86752D3ECC00007C1E50 /* WarningMessages.app */,
				B67C868B2D3ECC01007C1E50 /* WarningMessagesTests.xctest */,
				B67C86952D3ECC01007C1E50 /* WarningMessagesUITests.xctest */,
			);
			name = Products;
			sourceTree = "<group>";
		};
/* End PBXGroup section */

/* Begin PBXNativeTarget section */
		B67C86742D3ECC00007C1E50 /* WarningMessages */ = {
			isa = PBXNativeTarget;
			buildConfigurationList = B67C869E2D3ECC01007C1E50 /* Build configuration list for PBXNativeTarget "WarningMessages" */;
			buildPhases = (
				B67C86712D3ECC00007C1E50 /* Sources */,
				B67C86722D3ECC00007C1E50 /* Frameworks */,
				B67C86732D3ECC00007C1E50 /* Resources */,
			);
			buildRules = (
			);
			dependencies = (
			);
			fileSystemSynchronizedGroups = (
				B67C86772D3ECC00007C1E50 /* WarningMessages */,
			);
			name = WarningMessages;
			packageProductDependencies = (
			);
			productName = WarningMessages;
			productReference = B67C86752D3ECC00007C1E50 /* WarningMessages.app */;
			productType = "com.apple.product-type.application";
		};
		B67C868A2D3ECC01007C1E50 /* WarningMessagesTests */ = {
			isa = PBXNativeTarget;
			buildConfigurationList = B67C86A32D3ECC01007C1E50 /* Build configuration list for PBXNativeTarget "WarningMessagesTests" */;
			buildPhases = (
				B67C86872D3ECC01007C1E50 /* Sources */,
				B67C86882D3ECC01007C1E50 /* Frameworks */,
				B67C86892D3ECC01007C1E50 /* Resources */,
			);
			buildRules = (
			);
			dependencies = (
				B67C868D2D3ECC01007C1E50 /* PBXTargetDependency */,
			);
			fileSystemSynchronizedGroups = (
				B67C868E2D3ECC01007C1E50 /* WarningMessagesTests */,
			);
			name = WarningMessagesTests;
			packageProductDependencies = (
			);
			productName = WarningMessagesTests;
			productReference = B67C868B2D3ECC01007C1E50 /* WarningMessagesTests.xctest */;
			productType = "com.apple.product-type.bundle.unit-test";
		};
		B67C86942D3ECC01007C1E50 /* WarningMessagesUITests */ = {
			isa = PBXNativeTarget;
			buildConfigurationList = B67C86A62D3ECC01007C1E50 /* Build configuration list for PBXNativeTarget "WarningMessagesUITests" */;
			buildPhases = (
				B67C86912D3ECC01007C1E50 /* Sources */,
				B67C86922D3ECC01007C1E50 /* Frameworks */,
				B67C86932D3ECC01007C1E50 /* Resources */,
			);
			buildRules = (
			);
			dependencies = (
				B67C86972D3ECC01007C1E50 /* PBXTargetDependency */,
			);
			fileSystemSynchronizedGroups = (
				B67C86982D3ECC01007C1E50 /* WarningMessagesUITests */,
			);
			name = WarningMessagesUITests;
			packageProductDependencies = (
			);
			productName = WarningMessagesUITests;
			productReference = B67C86952D3ECC01007C1E50 /* WarningMessagesUITests.xctest */;
			productType = "com.apple.product-type.bundle.ui-testing";
		};
/* End PBXNativeTarget section */

/* Begin PBXProject section */
		B67C866D2D3ECC00007C1E50 /* Project object */ = {
			isa = PBXProject;
			attributes = {
				BuildIndependentTargetsInParallel = 1;
				LastSwiftUpdateCheck = 1620;
				LastUpgradeCheck = 1620;
				TargetAttributes = {
					B67C86742D3ECC00007C1E50 = {
						CreatedOnToolsVersion = 16.2;
					};
					B67C868A2D3ECC01007C1E50 = {
						CreatedOnToolsVersion = 16.2;
						TestTargetID = B67C86742D3ECC00007C1E50;
					};
					B67C86942D3ECC01007C1E50 = {
						CreatedOnToolsVersion = 16.2;
						TestTargetID = B67C86742D3ECC00007C1E50;
					};
				};
			};
			buildConfigurationList = B67C86702D3ECC00007C1E50 /* Build configuration list for PBXProject "WarningMessages" */;
			developmentRegion = en;
			hasScannedForEncodings = 0;
			knownRegions = (
				en,
				Base,
			);
			mainGroup = B67C866C2D3ECC00007C1E50;
			minimizedProjectReferenceProxies = 1;
			preferredProjectObjectVersion = 77;
			productRefGroup = B67C86762D3ECC00007C1E50 /* Products */;
			projectDirPath = "";
			projectRoot = "";
			targets = (
				B67C86742D3ECC00007C1E50 /* WarningMessages */,
				B67C868A2D3ECC01007C1E50 /* WarningMessagesTests */,
				B67C86942D3ECC01007C1E50 /* WarningMessagesUITests */,
			);
		};
/* End PBXProject section */

/* Begin PBXResourcesBuildPhase section */
		B67C86732D3ECC00007C1E50 /* Resources */ = {
			isa = PBXResourcesBuildPhase;
			buildActionMask = 2147483647;
			files = (
			);
			runOnlyForDeploymentPostprocessing = 0;
		};
		B67C86892D3ECC01007C1E50 /* Resources */ = {
			isa = PBXResourcesBuildPhase;
			buildActionMask = 2147483647;
			files = (
			);
			runOnlyForDeploymentPostprocessing = 0;
		};
		B67C86932D3ECC01007C1E50 /* Resources */ = {
			isa = PBXResourcesBuildPhase;
			buildActionMask = 2147483647;
			files = (
			);
			runOnlyForDeploymentPostprocessing = 0;
		};
/* End PBXResourcesBuildPhase section */

/* Begin PBXSourcesBuildPhase section */
		B67C86712D3ECC00007C1E50 /* Sources */ = {
			isa = PBXSourcesBuildPhase;
			buildActionMask = 2147483647;
			files = (
			);
			runOnlyForDeploymentPostprocessing = 0;
		};
		B67C86872D3ECC01007C1E50 /* Sources */ = {
			isa = PBXSourcesBuildPhase;
			buildActionMask = 2147483647;
			files = (
			);
			runOnlyForDeploymentPostprocessing = 0;
		};
		B67C86912D3ECC01007C1E50 /* Sources */ = {
			isa = PBXSourcesBuildPhase;
			buildActionMask = 2147483647;
			files = (
			);
			runOnlyForDeploymentPostprocessing = 0;
		};
/* End PBXSourcesBuildPhase section */

/* Begin PBXTargetDependency section */
		B67C868D2D3ECC01007C1E50 /* PBXTargetDependency */ = {
			isa = PBXTargetDependency;
			target = B67C86742D3ECC00007C1E50 /* WarningMessages */;
			targetProxy = B67C868C2D3ECC01007C1E50 /* PBXContainerItemProxy */;
		};
		B67C86972D3ECC01007C1E50 /* PBXTargetDependency */ = {
			isa = PBXTargetDependency;
			target = B67C86742D3ECC00007C1E50 /* WarningMessages */;
			targetProxy = B67C86962D3ECC01007C1E50 /* PBXContainerItemProxy */;
		};
/* End PBXTargetDependency section */

/* Begin XCBuildConfiguration section */
		B67C869F2D3ECC01007C1E50 /* Debug */ = {
			isa = XCBuildConfiguration;
			buildSettings = {
				ASSETCATALOG_COMPILER_APPICON_NAME = AppIcon;
				ASSETCATALOG_COMPILER_GLOBAL_ACCENT_COLOR_NAME = AccentColor;
				CODE_SIGN_STYLE = Automatic;
				CURRENT_PROJECT_VERSION = 1;
				DEVELOPMENT_TEAM = H84WUS4V8F;
				GENERATE_INFOPLIST_FILE = YES;
				INFOPLIST_FILE = WarningMessages/Info.plist;
				INFOPLIST_KEY_UIApplicationSupportsIndirectInputEvents = YES;
				INFOPLIST_KEY_UILaunchStoryboardName = LaunchScreen;
				INFOPLIST_KEY_UIMainStoryboardFile = Main;
				INFOPLIST_KEY_UISupportedInterfaceOrientations_iPad = "UIInterfaceOrientationPortrait UIInterfaceOrientationPortraitUpsideDown UIInterfaceOrientationLandscapeLeft UIInterfaceOrientationLandscapeRight";
				INFOPLIST_KEY_UISupportedInterfaceOrientations_iPhone = "UIInterfaceOrientationPortrait UIInterfaceOrientationLandscapeLeft UIInterfaceOrientationLandscapeRight";
				LD_RUNPATH_SEARCH_PATHS = (
					"$(inherited)",
					"@executable_path/Frameworks",
				);
				MARKETING_VERSION = 1.0;
				PRODUCT_BUNDLE_IDENTIFIER = com.yaseminsalan.WarningMessages;
				PRODUCT_NAME = "$(TARGET_NAME)";
				SWIFT_EMIT_LOC_STRINGS = YES;
				SWIFT_VERSION = 5.0;
				TARGETED_DEVICE_FAMILY = "1,2";
			};
			name = Debug;
		};
		B67C86A02D3ECC01007C1E50 /* Release */ = {
			isa = XCBuildConfiguration;
			buildSettings = {
				ASSETCATALOG_COMPILER_APPICON_NAME = AppIcon;
				ASSETCATALOG_COMPILER_GLOBAL_ACCENT_COLOR_NAME = AccentColor;
				CODE_SIGN_STYLE = Automatic;
				CURRENT_PROJECT_VERSION = 1;
				DEVELOPMENT_TEAM = H84WUS4V8F;
				GENERATE_INFOPLIST_FILE = YES;
				INFOPLIST_FILE = WarningMessages/Info.plist;
				INFOPLIST_KEY_UIApplicationSupportsIndirectInputEvents = YES;
				INFOPLIST_KEY_UILaunchStoryboardName = LaunchScreen;
				INFOPLIST_KEY_UIMainStoryboardFile = Main;
				INFOPLIST_KEY_UISupportedInterfaceOrientations_iPad = "UIInterfaceOrientationPortrait UIInterfaceOrientationPortraitUpsideDown UIInterfaceOrientationLandscapeLeft UIInterfaceOrientationLandscapeRight";
				INFOPLIST_KEY_UISupportedInterfaceOrientations_iPhone = "UIInterfaceOrientationPortrait UIInterfaceOrientationLandscapeLeft UIInterfaceOrientationLandscapeRight";
				LD_RUNPATH_SEARCH_PATHS = (
					"$(inherited)",
					"@executable_path/Frameworks",
				);
				MARKETING_VERSION = 1.0;
				PRODUCT_BUNDLE_IDENTIFIER = com.yaseminsalan.WarningMessages;
				PRODUCT_NAME = "$(TARGET_NAME)";
				SWIFT_EMIT_LOC_STRINGS = YES;
				SWIFT_VERSION = 5.0;
				TARGETED_DEVICE_FAMILY = "1,2";
			};
			name = Release;
		};
		B67C86A12D3ECC01007C1E50 /* Debug */ = {
			isa = XCBuildConfiguration;
			buildSettings = {
				ALWAYS_SEARCH_USER_PATHS = NO;
				ASSETCATALOG_COMPILER_GENERATE_SWIFT_ASSET_SYMBOL_EXTENSIONS = YES;
				CLANG_ANALYZER_NONNULL = YES;
				CLANG_ANALYZER_NUMBER_OBJECT_CONVERSION = YES_AGGRESSIVE;
				CLANG_CXX_LANGUAGE_STANDARD = "gnu++20";
				CLANG_ENABLE_MODULES = YES;
				CLANG_ENABLE_OBJC_ARC = YES;
				CLANG_ENABLE_OBJC_WEAK = YES;
				CLANG_WARN_BLOCK_CAPTURE_AUTORELEASING = YES;
				CLANG_WARN_BOOL_CONVERSION = YES;
				CLANG_WARN_COMMA = YES;
				CLANG_WARN_CONSTANT_CONVERSION = YES;
				CLANG_WARN_DEPRECATED_OBJC_IMPLEMENTATIONS = YES;
				CLANG_WARN_DIRECT_OBJC_ISA_USAGE = YES_ERROR;
				CLANG_WARN_DOCUMENTATION_COMMENTS = YES;
				CLANG_WARN_EMPTY_BODY = YES;
				CLANG_WARN_ENUM_CONVERSION = YES;
				CLANG_WARN_INFINITE_RECURSION = YES;
				CLANG_WARN_INT_CONVERSION = YES;
				CLANG_WARN_NON_LITERAL_NULL_CONVERSION = YES;
				CLANG_WARN_OBJC_IMPLICIT_RETAIN_SELF = YES;
				CLANG_WARN_OBJC_LITERAL_CONVERSION = YES;
				CLANG_WARN_OBJC_ROOT_CLASS = YES_ERROR;
				CLANG_WARN_QUOTED_INCLUDE_IN_FRAMEWORK_HEADER = YES;
				CLANG_WARN_RANGE_LOOP_ANALYSIS = YES;
				CLANG_WARN_STRICT_PROTOTYPES = YES;
				CLANG_WARN_SUSPICIOUS_MOVE = YES;
				CLANG_WARN_UNGUARDED_AVAILABILITY = YES_AGGRESSIVE;
				CLANG_WARN_UNREACHABLE_CODE = YES;
				CLANG_WARN__DUPLICATE_METHOD_MATCH = YES;
				COPY_PHASE_STRIP = NO;
				DEBUG_INFORMATION_FORMAT = dwarf;
				ENABLE_STRICT_OBJC_MSGSEND = YES;
				ENABLE_TESTABILITY = YES;
				ENABLE_USER_SCRIPT_SANDBOXING = YES;
				GCC_C_LANGUAGE_STANDARD = gnu17;
				GCC_DYNAMIC_NO_PIC = NO;
				GCC_NO_COMMON_BLOCKS = YES;
				GCC_OPTIMIZATION_LEVEL = 0;
				GCC_PREPROCESSOR_DEFINITIONS = (
					"DEBUG=1",
					"$(inherited)",
				);
				GCC_WARN_64_TO_32_BIT_CONVERSION = YES;
				GCC_WARN_ABOUT_RETURN_TYPE = YES_ERROR;
				GCC_WARN_UNDECLARED_SELECTOR = YES;
				GCC_WARN_UNINITIALIZED_AUTOS = YES_AGGRESSIVE;
				GCC_WARN_UNUSED_FUNCTION = YES;
				GCC_WARN_UNUSED_VARIABLE = YES;
				IPHONEOS_DEPLOYMENT_TARGET = 18.2;
				LOCALIZATION_PREFERS_STRING_CATALOGS = YES;
				MTL_ENABLE_DEBUG_INFO = INCLUDE_SOURCE;
				MTL_FAST_MATH = YES;
				ONLY_ACTIVE_ARCH = YES;
				SDKROOT = iphoneos;
				SWIFT_ACTIVE_COMPILATION_CONDITIONS = "DEBUG $(inherited)";
				SWIFT_OPTIMIZATION_LEVEL = "-Onone";
			};
			name = Debug;
		};
		B67C86A22D3ECC01007C1E50 /* Release */ = {
			isa = XCBuildConfiguration;
			buildSettings = {
				ALWAYS_SEARCH_USER_PATHS = NO;
				ASSETCATALOG_COMPILER_GENERATE_SWIFT_ASSET_SYMBOL_EXTENSIONS = YES;
				CLANG_ANALYZER_NONNULL = YES;
				CLANG_ANALYZER_NUMBER_OBJECT_CONVERSION = YES_AGGRESSIVE;
				CLANG_CXX_LANGUAGE_STANDARD = "gnu++20";
				CLANG_ENABLE_MODULES = YES;
				CLANG_ENABLE_OBJC_ARC = YES;
				CLANG_ENABLE_OBJC_WEAK = YES;
				CLANG_WARN_BLOCK_CAPTURE_AUTORELEASING = YES;
				CLANG_WARN_BOOL_CONVERSION = YES;
				CLANG_WARN_COMMA = YES;
				CLANG_WARN_CONSTANT_CONVERSION = YES;
				CLANG_WARN_DEPRECATED_OBJC_IMPLEMENTATIONS = YES;
				CLANG_WARN_DIRECT_OBJC_ISA_USAGE = YES_ERROR;
				CLANG_WARN_DOCUMENTATION_COMMENTS = YES;
				CLANG_WARN_EMPTY_BODY = YES;
				CLANG_WARN_ENUM_CONVERSION = YES;
				CLANG_WARN_INFINITE_RECURSION = YES;
				CLANG_WARN_INT_CONVERSION = YES;
				CLANG_WARN_NON_LITERAL_NULL_CONVERSION = YES;
				CLANG_WARN_OBJC_IMPLICIT_RETAIN_SELF = YES;
				CLANG_WARN_OBJC_LITERAL_CONVERSION = YES;
				CLANG_WARN_OBJC_ROOT_CLASS = YES_ERROR;
				CLANG_WARN_QUOTED_INCLUDE_IN_FRAMEWORK_HEADER = YES;
				CLANG_WARN_RANGE_LOOP_ANALYSIS = YES;
				CLANG_WARN_STRICT_PROTOTYPES = YES;
				CLANG_WARN_SUSPICIOUS_MOVE = YES;
				CLANG_WARN_UNGUARDED_AVAILABILITY = YES_AGGRESSIVE;
				CLANG_WARN_UNREACHABLE_CODE = YES;
				CLANG_WARN__DUPLICATE_METHOD_MATCH = YES;
				COPY_PHASE_STRIP = NO;
				DEBUG_INFORMATION_FORMAT = "dwarf-with-dsym";
				ENABLE_NS_ASSERTIONS = NO;
				ENABLE_STRICT_OBJC_MSGSEND = YES;
				ENABLE_USER_SCRIPT_SANDBOXING = YES;
				GCC_C_LANGUAGE_STANDARD = gnu17;
				GCC_NO_COMMON_BLOCKS = YES;
				GCC_WARN_64_TO_32_BIT_CONVERSION = YES;
				GCC_WARN_ABOUT_RETURN_TYPE = YES_ERROR;
				GCC_WARN_UNDECLARED_SELECTOR = YES;
				GCC_WARN_UNINITIALIZED_AUTOS = YES_AGGRESSIVE;
				GCC_WARN_UNUSED_FUNCTION = YES;
				GCC_WARN_UNUSED_VARIABLE = YES;
				IPHONEOS_DEPLOYMENT_TARGET = 18.2;
				LOCALIZATION_PREFERS_STRING_CATALOGS = YES;
				MTL_ENABLE_DEBUG_INFO = NO;
				MTL_FAST_MATH = YES;
				SDKROOT = iphoneos;
				SWIFT_COMPILATION_MODE = wholemodule;
				VALIDATE_PRODUCT = YES;
			};
			name = Release;
		};
		B67C86A42D3ECC01007C1E50 /* Debug */ = {
			isa = XCBuildConfiguration;
			buildSettings = {
				BUNDLE_LOADER = "$(TEST_HOST)";
				CODE_SIGN_STYLE = Automatic;
				CURRENT_PROJECT_VERSION = 1;
				DEVELOPMENT_TEAM = 5H266929N4;
				GENERATE_INFOPLIST_FILE = YES;
				IPHONEOS_DEPLOYMENT_TARGET = 18.2;
				MARKETING_VERSION = 1.0;
				PRODUCT_BUNDLE_IDENTIFIER = com.yaseminsalan.WarningMessagesTests;
				PRODUCT_NAME = "$(TARGET_NAME)";
				SWIFT_EMIT_LOC_STRINGS = NO;
				SWIFT_VERSION = 5.0;
				TARGETED_DEVICE_FAMILY = "1,2";
				TEST_HOST = "$(BUILT_PRODUCTS_DIR)/WarningMessages.app/$(BUNDLE_EXECUTABLE_FOLDER_PATH)/WarningMessages";
			};
			name = Debug;
		};
		B67C86A52D3ECC01007C1E50 /* Release */ = {
			isa = XCBuildConfiguration;
			buildSettings = {
				BUNDLE_LOADER = "$(TEST_HOST)";
				CODE_SIGN_STYLE = Automatic;
				CURRENT_PROJECT_VERSION = 1;
				DEVELOPMENT_TEAM = 5H266929N4;
				GENERATE_INFOPLIST_FILE = YES;
				IPHONEOS_DEPLOYMENT_TARGET = 18.2;
				MARKETING_VERSION = 1.0;
				PRODUCT_BUNDLE_IDENTIFIER = com.yaseminsalan.WarningMessagesTests;
				PRODUCT_NAME = "$(TARGET_NAME)";
				SWIFT_EMIT_LOC_STRINGS = NO;
				SWIFT_VERSION = 5.0;
				TARGETED_DEVICE_FAMILY = "1,2";
				TEST_HOST = "$(BUILT_PRODUCTS_DIR)/WarningMessages.app/$(BUNDLE_EXECUTABLE_FOLDER_PATH)/WarningMessages";
			};
			name = Release;
		};
		B67C86A72D3ECC01007C1E50 /* Debug */ = {
			isa = XCBuildConfiguration;
			buildSettings = {
				CODE_SIGN_STYLE = Automatic;
				CURRENT_PROJECT_VERSION = 1;
				DEVELOPMENT_TEAM = 5H266929N4;
				GENERATE_INFOPLIST_FILE = YES;
				MARKETING_VERSION = 1.0;
				PRODUCT_BUNDLE_IDENTIFIER = com.yaseminsalan.WarningMessagesUITests;
				PRODUCT_NAME = "$(TARGET_NAME)";
				SWIFT_EMIT_LOC_STRINGS = NO;
				SWIFT_VERSION = 5.0;
				TARGETED_DEVICE_FAMILY = "1,2";
				TEST_TARGET_NAME = WarningMessages;
			};
			name = Debug;
		};
		B67C86A82D3ECC01007C1E50 /* Release */ = {
			isa = XCBuildConfiguration;
			buildSettings = {
				CODE_SIGN_STYLE = Automatic;
				CURRENT_PROJECT_VERSION = 1;
				DEVELOPMENT_TEAM = 5H266929N4;
				GENERATE_INFOPLIST_FILE = YES;
				MARKETING_VERSION = 1.0;
				PRODUCT_BUNDLE_IDENTIFIER = com.yaseminsalan.WarningMessagesUITests;
				PRODUCT_NAME = "$(TARGET_NAME)";
				SWIFT_EMIT_LOC_STRINGS = NO;
				SWIFT_VERSION = 5.0;
				TARGETED_DEVICE_FAMILY = "1,2";
				TEST_TARGET_NAME = WarningMessages;
			};
			name = Release;
		};
/* End XCBuildConfiguration section */

/* Begin XCConfigurationList section */
		B67C86702D3ECC00007C1E50 /* Build configuration list for PBXProject "WarningMessages" */ = {
			isa = XCConfigurationList;
			buildConfigurations = (
				B67C86A12D3ECC01007C1E50 /* Debug */,
				B67C86A22D3ECC01007C1E50 /* Release */,
			);
			defaultConfigurationIsVisible = 0;
			defaultConfigurationName = Release;
		};
		B67C869E2D3ECC01007C1E50 /* Build configuration list for PBXNativeTarget "WarningMessages" */ = {
			isa = XCConfigurationList;
			buildConfigurations = (
				B67C869F2D3ECC01007C1E50 /* Debug */,
				B67C86A02D3ECC01007C1E50 /* Release */,
			);
			defaultConfigurationIsVisible = 0;
			defaultConfigurationName = Release;
		};
		B67C86A32D3ECC01007C1E50 /* Build configuration list for PBXNativeTarget "WarningMessagesTests" */ = {
			isa = XCConfigurationList;
			buildConfigurations = (
				B67C86A42D3ECC01007C1E50 /* Debug */,
				B67C86A52D3ECC01007C1E50 /* Release */,
			);
			defaultConfigurationIsVisible = 0;
			defaultConfigurationName = Release;
		};
		B67C86A62D3ECC01007C1E50 /* Build configuration list for PBXNativeTarget "WarningMessagesUITests" */ = {
			isa = XCConfigurationList;
			buildConfigurations = (
				B67C86A72D3ECC01007C1E50 /* Debug */,
				B67C86A82D3ECC01007C1E50 /* Release */,
			);
			defaultConfigurationIsVisible = 0;
			defaultConfigurationName = Release;
		};
/* End XCConfigurationList section */
	};
	rootObject = B67C866D2D3ECC00007C1E50 /* Project object */;
}
